
Microsoft Visual Studio Solution File, Format Version 12.00
# Visual Studio Version 17
VisualStudioVersion = 17.14.36301.6 d17.14
MinimumVisualStudioVersion = 10.0.40219.1
Project("{FAE04EC0-301F-11D3-BF4B-00C04F79EFBC}") = "VideoGameApi2", "VideoGameApi2\VideoGameApi2.csproj", "{3B52336B-84D6-4F09-8650-2B2FCF93604E}"
EndProject
Global
	GlobalSection(SolutionConfigurationPlatforms) = preSolution
		Debug|Any CPU = Debug|Any CPU
		Release|Any CPU = Release|Any CPU
	EndGlobalSection
	GlobalSection(ProjectConfigurationPlatforms) = postSolution
		{3B52336B-84D6-4F09-8650-2B2FCF93604E}.Debug|Any CPU.ActiveCfg = Debug|Any CPU
		{3B52336B-84D6-4F09-8650-2B2FCF93604E}.Debug|Any CPU.Build.0 = Debug|Any CPU
		{3B52336B-84D6-4F09-8650-2B2FCF93604E}.Release|Any CPU.ActiveCfg = Release|Any CPU
		{3B52336B-84D6-4F09-8650-2B2FCF93604E}.Release|Any CPU.Build.0 = Release|Any CPU
	EndGlobalSection
	GlobalSection(SolutionProperties) = preSolution
		HideSolutionNode = FALSE
	EndGlobalSection
	GlobalSection(ExtensibilityGlobals) = postSolution
		SolutionGuid = {75A7F942-DC89-40C7-9AD3-8850D86EBAED}
	EndGlobalSection
EndGlobal
